
Microsoft Visual Studio Solution File, Format Version 12.00
# Visual Studio 15
VisualStudioVersion = 15.0.27130.2027
MinimumVisualStudioVersion = 10.0.40219.1
Project("{FAE04EC0-301F-11D3-BF4B-00C04F79EFBC}") = "Software", "SoftwareCo\Software.csproj", "{7ED6D53E-D43F-4AFE-B3BB-D65CC009EB13}"
EndProject
Project("{2150E333-8FDC-42A3-9474-1A3956D46DE8}") = "Solution Items", "Solution Items", "{94020691-AA75-4FA3-B29C-176A00E0CD50}"
	ProjectSection(SolutionItems) = preProject
		LICENSE.txt = LICENSE.txt
	EndProjectSection
EndProject
Global
	GlobalSection(Performance) = preSolution
		HasPerformanceSessions = true
	EndGlobalSection
	GlobalSection(SolutionConfigurationPlatforms) = preSolution
		Debug|Any CPU = Debug|Any CPU
		Release|Any CPU = Release|Any CPU
	EndGlobalSection
	GlobalSection(ProjectConfigurationPlatforms) = postSolution
		{7ED6D53E-D43F-4AFE-B3BB-D65CC009EB13}.Debug|Any CPU.ActiveCfg = Debug|Any CPU
		{7ED6D53E-D43F-4AFE-B3BB-D65CC009EB13}.Debug|Any CPU.Build.0 = Debug|Any CPU
		{7ED6D53E-D43F-4AFE-B3BB-D65CC009EB13}.Release|Any CPU.ActiveCfg = Release|Any CPU
		{7ED6D53E-D43F-4AFE-B3BB-D65CC009EB13}.Release|Any CPU.Build.0 = Release|Any CPU
	EndGlobalSection
	GlobalSection(SolutionProperties) = preSolution
		HideSolutionNode = FALSE
	EndGlobalSection
	GlobalSection(ExtensibilityGlobals) = postSolution
		SolutionGuid = {1EE8802F-04C5-4B12-AEB8-2291AFAD107A}
	EndGlobalSection
EndGlobal
